
Microsoft Visual Studio Solution File, Format Version 12.00
# Visual Studio Version 17
VisualStudioVersion = 17.13.35825.156
MinimumVisualStudioVersion = 10.0.40219.1
Project("{FAE04EC0-301F-11D3-BF4B-00C04F79EFBC}") = "OldPhonePadApp", "OldPhonePadApp\OldPhonePadApp.csproj", "{C584A4A0-0C08-43FB-91B4-41732C4D9A7A}"
EndProject
Project("{FAE04EC0-301F-11D3-BF4B-00C04F79EFBC}") = "OldPhonePadApp.Tests", "OldPhonePadApp.Tests\OldPhonePadApp.Tests.csproj", "{830FEB37-F2ED-41CF-88C6-52AA73D5D97D}"
EndProject
Project("{2150E333-8FDC-42A3-9474-1A3956D46DE8}") = "Solution Items", "Solution Items", "{8EC462FD-D22E-90A8-E5CE-7E832BA40C5D}"
	ProjectSection(SolutionItems) = preProject
		.gitignore = .gitignore
		README.md = README.md
	EndProjectSection
EndProject
Global
	GlobalSection(SolutionConfigurationPlatforms) = preSolution
		Debug|Any CPU = Debug|Any CPU
		Debug|x64 = Debug|x64
		Debug|x86 = Debug|x86
		Release|Any CPU = Release|Any CPU
		Release|x64 = Release|x64
		Release|x86 = Release|x86
	EndGlobalSection
	GlobalSection(ProjectConfigurationPlatforms) = postSolution
		{C584A4A0-0C08-43FB-91B4-41732C4D9A7A}.Debug|Any CPU.ActiveCfg = Debug|Any CPU
		{C584A4A0-0C08-43FB-91B4-41732C4D9A7A}.Debug|Any CPU.Build.0 = Debug|Any CPU
		{C584A4A0-0C08-43FB-91B4-41732C4D9A7A}.Debug|x64.ActiveCfg = Debug|Any CPU
		{C584A4A0-0C08-43FB-91B4-41732C4D9A7A}.Debug|x64.Build.0 = Debug|Any CPU
		{C584A4A0-0C08-43FB-91B4-41732C4D9A7A}.Debug|x86.ActiveCfg = Debug|Any CPU
		{C584A4A0-0C08-43FB-91B4-41732C4D9A7A}.Debug|x86.Build.0 = Debug|Any CPU
		{C584A4A0-0C08-43FB-91B4-41732C4D9A7A}.Release|Any CPU.ActiveCfg = Release|Any CPU
		{C584A4A0-0C08-43FB-91B4-41732C4D9A7A}.Release|Any CPU.Build.0 = Release|Any CPU
		{C584A4A0-0C08-43FB-91B4-41732C4D9A7A}.Release|x64.ActiveCfg = Release|Any CPU
		{C584A4A0-0C08-43FB-91B4-41732C4D9A7A}.Release|x64.Build.0 = Release|Any CPU
		{C584A4A0-0C08-43FB-91B4-41732C4D9A7A}.Release|x86.ActiveCfg = Release|Any CPU
		{C584A4A0-0C08-43FB-91B4-41732C4D9A7A}.Release|x86.Build.0 = Release|Any CPU
		{830FEB37-F2ED-41CF-88C6-52AA73D5D97D}.Debug|Any CPU.ActiveCfg = Debug|Any CPU
		{830FEB37-F2ED-41CF-88C6-52AA73D5D97D}.Debug|Any CPU.Build.0 = Debug|Any CPU
		{830FEB37-F2ED-41CF-88C6-52AA73D5D97D}.Debug|x64.ActiveCfg = Debug|Any CPU
		{830FEB37-F2ED-41CF-88C6-52AA73D5D97D}.Debug|x64.Build.0 = Debug|Any CPU
		{830FEB37-F2ED-41CF-88C6-52AA73D5D97D}.Debug|x86.ActiveCfg = Debug|Any CPU
		{830FEB37-F2ED-41CF-88C6-52AA73D5D97D}.Debug|x86.Build.0 = Debug|Any CPU
		{830FEB37-F2ED-41CF-88C6-52AA73D5D97D}.Release|Any CPU.ActiveCfg = Release|Any CPU
		{830FEB37-F2ED-41CF-88C6-52AA73D5D97D}.Release|Any CPU.Build.0 = Release|Any CPU
		{830FEB37-F2ED-41CF-88C6-52AA73D5D97D}.Release|x64.ActiveCfg = Release|Any CPU
		{830FEB37-F2ED-41CF-88C6-52AA73D5D97D}.Release|x64.Build.0 = Release|Any CPU
		{830FEB37-F2ED-41CF-88C6-52AA73D5D97D}.Release|x86.ActiveCfg = Release|Any CPU
		{830FEB37-F2ED-41CF-88C6-52AA73D5D97D}.Release|x86.Build.0 = Release|Any CPU
	EndGlobalSection
	GlobalSection(SolutionProperties) = preSolution
		HideSolutionNode = FALSE
	EndGlobalSection
	GlobalSection(ExtensibilityGlobals) = postSolution
		SolutionGuid = {1C9EBFF2-5F3E-474E-B4F9-700D7527B6A5}
	EndGlobalSection
EndGlobal
